
Microsoft Visual Studio Solution File, Format Version 12.00
# Visual Studio Version 17
VisualStudioVersion = 17.1.32328.378
MinimumVisualStudioVersion = 10.0.40219.1
Project("{FAE04EC0-301F-11D3-BF4B-00C04F79EFBC}") = "Tesha's Coffee Shop", "Tesha's Coffee Shop.csproj", "{AFFA7812-C48B-42C6-A108-F1316692BEC1}"
EndProject
Global
	GlobalSection(SolutionConfigurationPlatforms) = preSolution
		Debug|Any CPU = Debug|Any CPU
		Release|Any CPU = Release|Any CPU
	EndGlobalSection
	GlobalSection(ProjectConfigurationPlatforms) = postSolution
		{AFFA7812-C48B-42C6-A108-F1316692BEC1}.Debug|Any CPU.ActiveCfg = Debug|Any CPU
		{AFFA7812-C48B-42C6-A108-F1316692BEC1}.Debug|Any CPU.Build.0 = Debug|Any CPU
		{AFFA7812-C48B-42C6-A108-F1316692BEC1}.Release|Any CPU.ActiveCfg = Release|Any CPU
		{AFFA7812-C48B-42C6-A108-F1316692BEC1}.Release|Any CPU.Build.0 = Release|Any CPU
	EndGlobalSection
	GlobalSection(SolutionProperties) = preSolution
		HideSolutionNode = FALSE
	EndGlobalSection
	GlobalSection(ExtensibilityGlobals) = postSolution
		SolutionGuid = {FDCB1A48-ACED-424C-8A2C-880A99A389E9}
	EndGlobalSection
EndGlobal
